// !$*UTF8*$!
{
	archiveVersion = 1;
	classes = {
	};
	objectVersion = 50;
	objects = {

/* Begin PBXBuildFile section */
		BBD509212337E2E5009CA4EE /* {{cookiecutter.module_name}}.framework in Frameworks */ = {isa = PBXBuildFile; fileRef = BBD509172337E2E4009CA4EE /* {{cookiecutter.module_name}}.framework */; };
		BBD509262337E2E5009CA4EE /* {{cookiecutter.module_name}}Tests.swift in Sources */ = {isa = PBXBuildFile; fileRef = BBD509252337E2E5009CA4EE /* {{cookiecutter.module_name}}Tests.swift */; };
		BBD509282337E2E5009CA4EE /* {{cookiecutter.module_name}}.h in Headers */ = {isa = PBXBuildFile; fileRef = BBD5091A2337E2E4009CA4EE /* {{cookiecutter.module_name}}.h */; settings = {ATTRIBUTES = (Public, ); }; };
		BB58BF4D232E6AD000A13142 /* Quick.framework in Frameworks */ = {isa = PBXBuildFile; fileRef = BB58BF4B232E6AD000A13142 /* Quick.framework */; };
		BB58BF4E232E6AD000A13142 /* Nimble.framework in Frameworks */ = {isa = PBXBuildFile; fileRef = BB58BF4C232E6AD000A13142 /* Nimble.framework */; };
		BB58BF52232E6BBC00A13142 /* Nimble.framework in CopyFiles */ = {isa = PBXBuildFile; fileRef = BB58BF4C232E6AD000A13142 /* Nimble.framework */; settings = {ATTRIBUTES = (CodeSignOnCopy, RemoveHeadersOnCopy, ); }; };
		BB58BF53232E6BBC00A13142 /* Quick.framework in CopyFiles */ = {isa = PBXBuildFile; fileRef = BB58BF4B232E6AD000A13142 /* Quick.framework */; settings = {ATTRIBUTES = (CodeSignOnCopy, RemoveHeadersOnCopy, ); }; };
/* End PBXBuildFile section */

/* Begin PBXContainerItemProxy section */
		BBD509222337E2E5009CA4EE /* PBXContainerItemProxy */ = {
			isa = PBXContainerItemProxy;
			containerPortal = BBD5090E2337E2E4009CA4EE /* Project object */;
			proxyType = 1;
			remoteGlobalIDString = BBD509162337E2E4009CA4EE;
			remoteInfo = {{cookiecutter.module_name}};
		};
/* End PBXContainerItemProxy section */

/* Begin PBXCopyFilesBuildPhase section */
		BB58BF51232E6BAE00A13142 /* CopyFiles */ = {
			isa = PBXCopyFilesBuildPhase;
			buildActionMask = 2147483647;
			dstPath = "";
			dstSubfolderSpec = 10;
			files = (
				BB58BF52232E6BBC00A13142 /* Nimble.framework in CopyFiles */,
				BB58BF53232E6BBC00A13142 /* Quick.framework in CopyFiles */,
			);
			runOnlyForDeploymentPostprocessing = 0;
		};
/* End PBXCopyFilesBuildPhase section */

/* Begin PBXFileReference section */
		BBD509172337E2E4009CA4EE /* {{cookiecutter.module_name}}.framework */ = {isa = PBXFileReference; explicitFileType = wrapper.framework; includeInIndex = 0; path = {{cookiecutter.module_name}}.framework; sourceTree = BUILT_PRODUCTS_DIR; };
		BBD5091A2337E2E4009CA4EE /* {{cookiecutter.module_name}}.h */ = {isa = PBXFileReference; lastKnownFileType = sourcecode.c.h; path = {{cookiecutter.module_name}}.h; sourceTree = "<group>"; };
		BBD5091C2337E2E4009CA4EE /* Empty.swift */ = {isa = PBXFileReference; lastKnownFileType = sourcecode.swift; path = Empty.swift; sourceTree = "<group>"; };		
		BBD5091B2337E2E4009CA4EE /* Info.plist */ = {isa = PBXFileReference; lastKnownFileType = text.plist.xml; path = Info.plist; sourceTree = "<group>"; };
		BBD509202337E2E5009CA4EE /* {{cookiecutter.module_name}}Tests.xctest */ = {isa = PBXFileReference; explicitFileType = wrapper.cfbundle; includeInIndex = 0; path = {{cookiecutter.module_name}}Tests.xctest; sourceTree = BUILT_PRODUCTS_DIR; };
		BBD509252337E2E5009CA4EE /* {{cookiecutter.module_name}}Tests.swift */ = {isa = PBXFileReference; lastKnownFileType = sourcecode.swift; path = {{cookiecutter.module_name}}Tests.swift; sourceTree = "<group>"; };
		BBD509272337E2E5009CA4EE /* Info.plist */ = {isa = PBXFileReference; lastKnownFileType = text.plist.xml; path = Info.plist; sourceTree = "<group>"; };
		BB58BF4B232E6AD000A13142 /* Quick.framework */ = {isa = PBXFileReference; lastKnownFileType = wrapper.framework; name = Quick.framework; path = Carthage/Build/iOS/Quick.framework; sourceTree = "<group>"; };
		BB58BF4C232E6AD000A13142 /* Nimble.framework */ = {isa = PBXFileReference; lastKnownFileType = wrapper.framework; name = Nimble.framework; path = Carthage/Build/iOS/Nimble.framework; sourceTree = "<group>"; };
/* End PBXFileReference section */

/* Begin PBXFrameworksBuildPhase section */
		BBD509142337E2E4009CA4EE /* Frameworks */ = {
			isa = PBXFrameworksBuildPhase;
			buildActionMask = 2147483647;
			files = (
			);
			runOnlyForDeploymentPostprocessing = 0;
		};
		BBD5091D2337E2E5009CA4EE /* Frameworks */ = {
			isa = PBXFrameworksBuildPhase;
			buildActionMask = 2147483647;
			files = (
				BBD509212337E2E5009CA4EE /* {{cookiecutter.module_name}}.framework in Frameworks */,
				BB58BF4D232E6AD000A13142 /* Quick.framework in Frameworks */,
				BB58BF4E232E6AD000A13142 /* Nimble.framework in Frameworks */,
			);
			runOnlyForDeploymentPostprocessing = 0;
		};
/* End PBXFrameworksBuildPhase section */

/* Begin PBXGroup section */
		BBD5090D2337E2E4009CA4EE = {
			isa = PBXGroup;
			children = (
				BBD509192337E2E4009CA4EE /* {{cookiecutter.module_name}} */,
				BBD509242337E2E5009CA4EE /* {{cookiecutter.module_name}}Tests */,
				BBD509182337E2E4009CA4EE /* Products */,
				BB58BF4A232E6AD000A13142 /* Frameworks */,
			);
			sourceTree = "<group>";
		};
		BBD509182337E2E4009CA4EE /* Products */ = {
			isa = PBXGroup;
			children = (
				BBD509172337E2E4009CA4EE /* {{cookiecutter.module_name}}.framework */,
				BBD509202337E2E5009CA4EE /* {{cookiecutter.module_name}}Tests.xctest */,
			);
			name = Products;
			sourceTree = "<group>";
		};
		BBD509192337E2E4009CA4EE /* {{cookiecutter.module_name}} */ = {
			isa = PBXGroup;
			children = (
				BBD5091A2337E2E4009CA4EE /* {{cookiecutter.module_name}}.h */,
				BBD5091C2337E2E4009CA4EE /* Empty.swift */,
				BBD5091B2337E2E4009CA4EE /* Info.plist */,
			);
			path = {{cookiecutter.module_name}};
			sourceTree = "<group>";
		};
		BBD509242337E2E5009CA4EE /* {{cookiecutter.module_name}}Tests */ = {
			isa = PBXGroup;
			children = (
				BBD509252337E2E5009CA4EE /* {{cookiecutter.module_name}}Tests.swift */,
				BBD509272337E2E5009CA4EE /* Info.plist */,
			);
			path = {{cookiecutter.module_name}}Tests;
			sourceTree = "<group>";
		};
		BB58BF4A232E6AD000A13142 /* Frameworks */ = {
			isa = PBXGroup;
			children = (
				BB58BF4C232E6AD000A13142 /* Nimble.framework */,
				BB58BF4B232E6AD000A13142 /* Quick.framework */,
			);
			name = Frameworks;
			sourceTree = "<group>";
		};
/* End PBXGroup section */

/* Begin PBXHeadersBuildPhase section */
		BBD509122337E2E4009CA4EE /* Headers */ = {
			isa = PBXHeadersBuildPhase;
			buildActionMask = 2147483647;
			files = (
				BBD509282337E2E5009CA4EE /* {{cookiecutter.module_name}}.h in Headers */,
			);
			runOnlyForDeploymentPostprocessing = 0;
		};
/* End PBXHeadersBuildPhase section */

/* Begin PBXNativeTarget section */
		BBD509162337E2E4009CA4EE /* {{cookiecutter.module_name}} */ = {
			isa = PBXNativeTarget;
			buildConfigurationList = BBD5092B2337E2E5009CA4EE /* Build configuration list for PBXNativeTarget "{{cookiecutter.module_name}}" */;
			buildPhases = (
				BBD509122337E2E4009CA4EE /* Headers */,
				BBD509132337E2E4009CA4EE /* Sources */,
				BBD509142337E2E4009CA4EE /* Frameworks */,
				BBD509152337E2E4009CA4EE /* Resources */,
				BBD509312337E3A5009CA4EE /* ShellScript */,
			);
			buildRules = (
			);
			dependencies = (
			);
			name = {{cookiecutter.module_name}};
			productName = {{cookiecutter.module_name}};
			productReference = BBD509172337E2E4009CA4EE /* {{cookiecutter.module_name}}.framework */;
			productType = "com.apple.product-type.framework";
		};
		BBD5091F2337E2E5009CA4EE /* {{cookiecutter.module_name}}Tests */ = {
			isa = PBXNativeTarget;
			buildConfigurationList = BBD5092E2337E2E5009CA4EE /* Build configuration list for PBXNativeTarget "{{cookiecutter.module_name}}Tests" */;
			buildPhases = (
				BBD5091C2337E2E5009CA4EE /* Sources */,
				BBD5091D2337E2E5009CA4EE /* Frameworks */,
				BBD5091E2337E2E5009CA4EE /* Resources */,
				BB58BF51232E6BAE00A13142 /* CopyFiles */,
			);
			buildRules = (
			);
			dependencies = (
				BBD509232337E2E5009CA4EE /* PBXTargetDependency */,
			);
			name = {{cookiecutter.module_name}}Tests;
			productName = {{cookiecutter.module_name}}Tests;
			productReference = BBD509202337E2E5009CA4EE /* {{cookiecutter.module_name}}Tests.xctest */;
			productType = "com.apple.product-type.bundle.unit-test";
		};
/* End PBXNativeTarget section */

/* Begin PBXProject section */
		BBD5090E2337E2E4009CA4EE /* Project object */ = {
			isa = PBXProject;
			attributes = {
				LastSwiftUpdateCheck = 1100;
				LastUpgradeCheck = 1100;
				ORGANIZATIONNAME = "José Inácio Athayde Ferrarini";
				TargetAttributes = {
					BBD509162337E2E4009CA4EE = {
						CreatedOnToolsVersion = 11.0;
					};
					BBD5091F2337E2E5009CA4EE = {
						CreatedOnToolsVersion = 11.0;
					};
				};
			};
			buildConfigurationList = BBD509112337E2E4009CA4EE /* Build configuration list for PBXProject "{{cookiecutter.module_name}}" */;
			compatibilityVersion = "Xcode 9.3";
			developmentRegion = en;
			hasScannedForEncodings = 0;
			knownRegions = (
				en,
				Base,
			);
			mainGroup = BBD5090D2337E2E4009CA4EE;
			productRefGroup = BBD509182337E2E4009CA4EE /* Products */;
			projectDirPath = "";
			projectRoot = "";
			targets = (
				BBD509162337E2E4009CA4EE /* {{cookiecutter.module_name}} */,
				BBD5091F2337E2E5009CA4EE /* {{cookiecutter.module_name}}Tests */,
			);
		};
/* End PBXProject section */

/* Begin PBXResourcesBuildPhase section */
		BBD509152337E2E4009CA4EE /* Resources */ = {
			isa = PBXResourcesBuildPhase;
			buildActionMask = 2147483647;
			files = (
			);
			runOnlyForDeploymentPostprocessing = 0;
		};
		BBD5091E2337E2E5009CA4EE /* Resources */ = {
			isa = PBXResourcesBuildPhase;
			buildActionMask = 2147483647;
			files = (
			);
			runOnlyForDeploymentPostprocessing = 0;
		};
/* End PBXResourcesBuildPhase section */

/* Begin PBXShellScriptBuildPhase section */
		BBD509312337E3A5009CA4EE /* ShellScript */ = {
			isa = PBXShellScriptBuildPhase;
			buildActionMask = 2147483647;
			files = (
			);
			inputFileListPaths = (
			);
			inputPaths = (
			);
			outputFileListPaths = (
			);
			outputPaths = (
			);
			runOnlyForDeploymentPostprocessing = 0;
			shellPath = /bin/sh;
			shellScript = "# Type a script or drag a script file from your workspace to insert its path.\nif which swiftlint >/dev/null; then\n  swiftlint\nelse\n  echo \"warning: SwiftLint not installed, download from https://github.com/realm/SwiftLint\"\nfi\n";
		};
/* End PBXShellScriptBuildPhase section */

/* Begin PBXSourcesBuildPhase section */
		BBD509132337E2E4009CA4EE /* Sources */ = {
			isa = PBXSourcesBuildPhase;
			buildActionMask = 2147483647;
			files = (
				BBD509662338147D009CA4EE /* Empty.swift in Sources */,
			);
			runOnlyForDeploymentPostprocessing = 0;
		};
		BBD5091C2337E2E5009CA4EE /* Sources */ = {
			isa = PBXSourcesBuildPhase;
			buildActionMask = 2147483647;
			files = (
				BBD509262337E2E5009CA4EE /* {{cookiecutter.module_name}}Tests.swift in Sources */,
			);
			runOnlyForDeploymentPostprocessing = 0;
		};
/* End PBXSourcesBuildPhase section */

/* Begin PBXTargetDependency section */
		BBD509232337E2E5009CA4EE /* PBXTargetDependency */ = {
			isa = PBXTargetDependency;
			target = BBD509162337E2E4009CA4EE /* {{cookiecutter.module_name}} */;
			targetProxy = BBD509222337E2E5009CA4EE /* PBXContainerItemProxy */;
		};
/* End PBXTargetDependency section */

/* Begin XCBuildConfiguration section */
		BBD509292337E2E5009CA4EE /* Debug */ = {
			isa = XCBuildConfiguration;
			buildSettings = {
				ALWAYS_SEARCH_USER_PATHS = NO;
				CLANG_ANALYZER_NONNULL = YES;
				CLANG_ANALYZER_NUMBER_OBJECT_CONVERSION = YES_AGGRESSIVE;
				CLANG_CXX_LANGUAGE_STANDARD = "gnu++14";
				CLANG_CXX_LIBRARY = "libc++";
				CLANG_ENABLE_MODULES = YES;
				CLANG_ENABLE_OBJC_ARC = YES;
				CLANG_ENABLE_OBJC_WEAK = YES;
				CLANG_WARN_BLOCK_CAPTURE_AUTORELEASING = YES;
				CLANG_WARN_BOOL_CONVERSION = YES;
				CLANG_WARN_COMMA = YES;
				CLANG_WARN_CONSTANT_CONVERSION = YES;
				CLANG_WARN_DEPRECATED_OBJC_IMPLEMENTATIONS = YES;
				CLANG_WARN_DIRECT_OBJC_ISA_USAGE = YES_ERROR;
				CLANG_WARN_DOCUMENTATION_COMMENTS = YES;
				CLANG_WARN_EMPTY_BODY = YES;
				CLANG_WARN_ENUM_CONVERSION = YES;
				CLANG_WARN_INFINITE_RECURSION = YES;
				CLANG_WARN_INT_CONVERSION = YES;
				CLANG_WARN_NON_LITERAL_NULL_CONVERSION = YES;
				CLANG_WARN_OBJC_IMPLICIT_RETAIN_SELF = YES;
				CLANG_WARN_OBJC_LITERAL_CONVERSION = YES;
				CLANG_WARN_OBJC_ROOT_CLASS = YES_ERROR;
				CLANG_WARN_RANGE_LOOP_ANALYSIS = YES;
				CLANG_WARN_STRICT_PROTOTYPES = YES;
				CLANG_WARN_SUSPICIOUS_MOVE = YES;
				CLANG_WARN_UNGUARDED_AVAILABILITY = YES_AGGRESSIVE;
				CLANG_WARN_UNREACHABLE_CODE = YES;
				CLANG_WARN__DUPLICATE_METHOD_MATCH = YES;
				COPY_PHASE_STRIP = NO;
				CURRENT_PROJECT_VERSION = 1;
				DEBUG_INFORMATION_FORMAT = dwarf;
				ENABLE_STRICT_OBJC_MSGSEND = YES;
				ENABLE_TESTABILITY = YES;
				GCC_C_LANGUAGE_STANDARD = gnu11;
				GCC_DYNAMIC_NO_PIC = NO;
				GCC_NO_COMMON_BLOCKS = YES;
				GCC_OPTIMIZATION_LEVEL = 0;
				GCC_PREPROCESSOR_DEFINITIONS = (
					"DEBUG=1",
					"$(inherited)",
				);
				GCC_WARN_64_TO_32_BIT_CONVERSION = YES;
				GCC_WARN_ABOUT_RETURN_TYPE = YES_ERROR;
				GCC_WARN_UNDECLARED_SELECTOR = YES;
				GCC_WARN_UNINITIALIZED_AUTOS = YES_AGGRESSIVE;
				GCC_WARN_UNUSED_FUNCTION = YES;
				GCC_WARN_UNUSED_VARIABLE = YES;
				IPHONEOS_DEPLOYMENT_TARGET = 13.0;
				MTL_ENABLE_DEBUG_INFO = INCLUDE_SOURCE;
				MTL_FAST_MATH = YES;
				ONLY_ACTIVE_ARCH = YES;
				SDKROOT = iphoneos;
				SWIFT_ACTIVE_COMPILATION_CONDITIONS = DEBUG;
				SWIFT_OPTIMIZATION_LEVEL = "-Onone";
				VERSIONING_SYSTEM = "apple-generic";
				VERSION_INFO_PREFIX = "";
			};
			name = Debug;
		};
		BBD5092A2337E2E5009CA4EE /* Release */ = {
			isa = XCBuildConfiguration;
			buildSettings = {
				ALWAYS_SEARCH_USER_PATHS = NO;
				CLANG_ANALYZER_NONNULL = YES;
				CLANG_ANALYZER_NUMBER_OBJECT_CONVERSION = YES_AGGRESSIVE;
				CLANG_CXX_LANGUAGE_STANDARD = "gnu++14";
				CLANG_CXX_LIBRARY = "libc++";
				CLANG_ENABLE_MODULES = YES;
				CLANG_ENABLE_OBJC_ARC = YES;
				CLANG_ENABLE_OBJC_WEAK = YES;
				CLANG_WARN_BLOCK_CAPTURE_AUTORELEASING = YES;
				CLANG_WARN_BOOL_CONVERSION = YES;
				CLANG_WARN_COMMA = YES;
				CLANG_WARN_CONSTANT_CONVERSION = YES;
				CLANG_WARN_DEPRECATED_OBJC_IMPLEMENTATIONS = YES;
				CLANG_WARN_DIRECT_OBJC_ISA_USAGE = YES_ERROR;
				CLANG_WARN_DOCUMENTATION_COMMENTS = YES;
				CLANG_WARN_EMPTY_BODY = YES;
				CLANG_WARN_ENUM_CONVERSION = YES;
				CLANG_WARN_INFINITE_RECURSION = YES;
				CLANG_WARN_INT_CONVERSION = YES;
				CLANG_WARN_NON_LITERAL_NULL_CONVERSION = YES;
				CLANG_WARN_OBJC_IMPLICIT_RETAIN_SELF = YES;
				CLANG_WARN_OBJC_LITERAL_CONVERSION = YES;
				CLANG_WARN_OBJC_ROOT_CLASS = YES_ERROR;
				CLANG_WARN_RANGE_LOOP_ANALYSIS = YES;
				CLANG_WARN_STRICT_PROTOTYPES = YES;
				CLANG_WARN_SUSPICIOUS_MOVE = YES;
				CLANG_WARN_UNGUARDED_AVAILABILITY = YES_AGGRESSIVE;
				CLANG_WARN_UNREACHABLE_CODE = YES;
				CLANG_WARN__DUPLICATE_METHOD_MATCH = YES;
				COPY_PHASE_STRIP = NO;
				CURRENT_PROJECT_VERSION = 1;
				DEBUG_INFORMATION_FORMAT = "dwarf-with-dsym";
				ENABLE_NS_ASSERTIONS = NO;
				ENABLE_STRICT_OBJC_MSGSEND = YES;
				GCC_C_LANGUAGE_STANDARD = gnu11;
				GCC_NO_COMMON_BLOCKS = YES;
				GCC_WARN_64_TO_32_BIT_CONVERSION = YES;
				GCC_WARN_ABOUT_RETURN_TYPE = YES_ERROR;
				GCC_WARN_UNDECLARED_SELECTOR = YES;
				GCC_WARN_UNINITIALIZED_AUTOS = YES_AGGRESSIVE;
				GCC_WARN_UNUSED_FUNCTION = YES;
				GCC_WARN_UNUSED_VARIABLE = YES;
				IPHONEOS_DEPLOYMENT_TARGET = 13.0;
				MTL_ENABLE_DEBUG_INFO = NO;
				MTL_FAST_MATH = YES;
				SDKROOT = iphoneos;
				SWIFT_COMPILATION_MODE = wholemodule;
				SWIFT_OPTIMIZATION_LEVEL = "-O";
				VALIDATE_PRODUCT = YES;
				VERSIONING_SYSTEM = "apple-generic";
				VERSION_INFO_PREFIX = "";
			};
			name = Release;
		};
		BBD5092C2337E2E5009CA4EE /* Debug */ = {
			isa = XCBuildConfiguration;
			buildSettings = {
				CODE_SIGN_STYLE = Automatic;
				DEFINES_MODULE = YES;
				DEVELOPMENT_TEAM = TS43775FV9;
				DYLIB_COMPATIBILITY_VERSION = 1;
				DYLIB_CURRENT_VERSION = 1;
				DYLIB_INSTALL_NAME_BASE = "@rpath";
				INFOPLIST_FILE = {{cookiecutter.module_name}}/Info.plist;
				INSTALL_PATH = "$(LOCAL_LIBRARY_DIR)/Frameworks";
				LD_RUNPATH_SEARCH_PATHS = (
					"$(inherited)",
					"@executable_path/Frameworks",
					"@loader_path/Frameworks",
				);
				PRODUCT_BUNDLE_IDENTIFIER = "{{cookiecutter.bundle_identifier}}";
				PRODUCT_NAME = "$(TARGET_NAME:c99extidentifier)";
				SKIP_INSTALL = YES;
				SWIFT_VERSION = 5.0;
				TARGETED_DEVICE_FAMILY = "1,2";
			};
			name = Debug;
		};
		BBD5092D2337E2E5009CA4EE /* Release */ = {
			isa = XCBuildConfiguration;
			buildSettings = {
				CODE_SIGN_STYLE = Automatic;
				DEFINES_MODULE = YES;
				DEVELOPMENT_TEAM = TS43775FV9;
				DYLIB_COMPATIBILITY_VERSION = 1;
				DYLIB_CURRENT_VERSION = 1;
				DYLIB_INSTALL_NAME_BASE = "@rpath";
				INFOPLIST_FILE = {{cookiecutter.module_name}}/Info.plist;
				INSTALL_PATH = "$(LOCAL_LIBRARY_DIR)/Frameworks";
				LD_RUNPATH_SEARCH_PATHS = (
					"$(inherited)",
					"@executable_path/Frameworks",
					"@loader_path/Frameworks",
				);
				PRODUCT_BUNDLE_IDENTIFIER = "{{cookiecutter.bundle_identifier}}";
				PRODUCT_NAME = "$(TARGET_NAME:c99extidentifier)";
				SKIP_INSTALL = YES;
				SWIFT_VERSION = 5.0;
				TARGETED_DEVICE_FAMILY = "1,2";
			};
			name = Release;
		};
		BBD5092F2337E2E5009CA4EE /* Debug */ = {
			isa = XCBuildConfiguration;
			buildSettings = {
				CODE_SIGN_STYLE = Automatic;
				DEVELOPMENT_TEAM = TS43775FV9;
				INFOPLIST_FILE = {{cookiecutter.module_name}}Tests/Info.plist;
				FRAMEWORK_SEARCH_PATHS = (
					"$(inherited)",
					"$(PROJECT_DIR)/Carthage/Build/iOS",
				);
				LD_RUNPATH_SEARCH_PATHS = (
					"$(inherited)",
					"@executable_path/Frameworks",
					"@loader_path/Frameworks",
				);
				PRODUCT_BUNDLE_IDENTIFIER = com.inacio.concrete.{{cookiecutter.module_name}}Tests;
				PRODUCT_NAME = "$(TARGET_NAME)";
				SWIFT_VERSION = 5.0;
				TARGETED_DEVICE_FAMILY = "1,2";
			};
			name = Debug;
		};
		BBD509302337E2E5009CA4EE /* Release */ = {
			isa = XCBuildConfiguration;
			buildSettings = {
				CODE_SIGN_STYLE = Automatic;
				DEVELOPMENT_TEAM = TS43775FV9;
				INFOPLIST_FILE = {{cookiecutter.module_name}}Tests/Info.plist;
				FRAMEWORK_SEARCH_PATHS = (
					"$(inherited)",
					"$(PROJECT_DIR)/Carthage/Build/iOS",
				);
				LD_RUNPATH_SEARCH_PATHS = (
					"$(inherited)",
					"@executable_path/Frameworks",
					"@loader_path/Frameworks",
				);
				PRODUCT_BUNDLE_IDENTIFIER = com.inacio.concrete.{{cookiecutter.module_name}}Tests;
				PRODUCT_NAME = "$(TARGET_NAME)";
				SWIFT_VERSION = 5.0;
				TARGETED_DEVICE_FAMILY = "1,2";
			};
			name = Release;
		};
/* End XCBuildConfiguration section */

/* Begin XCConfigurationList section */
		BBD509112337E2E4009CA4EE /* Build configuration list for PBXProject "{{cookiecutter.module_name}}" */ = {
			isa = XCConfigurationList;
			buildConfigurations = (
				BBD509292337E2E5009CA4EE /* Debug */,
				BBD5092A2337E2E5009CA4EE /* Release */,
			);
			defaultConfigurationIsVisible = 0;
			defaultConfigurationName = Release;
		};
		BBD5092B2337E2E5009CA4EE /* Build configuration list for PBXNativeTarget "{{cookiecutter.module_name}}" */ = {
			isa = XCConfigurationList;
			buildConfigurations = (
				BBD5092C2337E2E5009CA4EE /* Debug */,
				BBD5092D2337E2E5009CA4EE /* Release */,
			);
			defaultConfigurationIsVisible = 0;
			defaultConfigurationName = Release;
		};
		BBD5092E2337E2E5009CA4EE /* Build configuration list for PBXNativeTarget "{{cookiecutter.module_name}}Tests" */ = {
			isa = XCConfigurationList;
			buildConfigurations = (
				BBD5092F2337E2E5009CA4EE /* Debug */,
				BBD509302337E2E5009CA4EE /* Release */,
			);
			defaultConfigurationIsVisible = 0;
			defaultConfigurationName = Release;
		};
/* End XCConfigurationList section */
	};
	rootObject = BBD5090E2337E2E4009CA4EE /* Project object */;
}
